
Microsoft Visual Studio Solution File, Format Version 12.00
# Visual Studio 14
VisualStudioVersion = 14.0.25420.1
MinimumVisualStudioVersion = 10.0.40219.1
Project("{FAE04EC0-301F-11D3-BF4B-00C04F79EFBC}") = "XamUFlux", "XamUFlux\XamUFlux\XamUFlux.csproj", "{71457398-5C86-4EF0-A944-FB9B23A3A626}"
EndProject
Project("{FAE04EC0-301F-11D3-BF4B-00C04F79EFBC}") = "XamUFlux.Droid", "XamUFlux\XamUFlux.Droid\XamUFlux.Droid.csproj", "{18307A33-6C50-4D10-A286-CB76162D789A}"
EndProject
Project("{FAE04EC0-301F-11D3-BF4B-00C04F79EFBC}") = "XamUFlux.iOS", "XamUFlux\XamUFlux.iOS\XamUFlux.iOS.csproj", "{C71ECDBA-D91C-49C8-B2D6-A8332CB635D7}"
EndProject
Global
	GlobalSection(SolutionConfigurationPlatforms) = preSolution
		Ad-Hoc|Any CPU = Ad-Hoc|Any CPU
		Ad-Hoc|ARM = Ad-Hoc|ARM
		Ad-Hoc|iPhone = Ad-Hoc|iPhone
		Ad-Hoc|iPhoneSimulator = Ad-Hoc|iPhoneSimulator
		Ad-Hoc|x64 = Ad-Hoc|x64
		Ad-Hoc|x86 = Ad-Hoc|x86
		AppStore|Any CPU = AppStore|Any CPU
		AppStore|ARM = AppStore|ARM
		AppStore|iPhone = AppStore|iPhone
		AppStore|iPhoneSimulator = AppStore|iPhoneSimulator
		AppStore|x64 = AppStore|x64
		AppStore|x86 = AppStore|x86
		Debug|Any CPU = Debug|Any CPU
		Debug|ARM = Debug|ARM
		Debug|iPhone = Debug|iPhone
		Debug|iPhoneSimulator = Debug|iPhoneSimulator
		Debug|x64 = Debug|x64
		Debug|x86 = Debug|x86
		Release|Any CPU = Release|Any CPU
		Release|ARM = Release|ARM
		Release|iPhone = Release|iPhone
		Release|iPhoneSimulator = Release|iPhoneSimulator
		Release|x64 = Release|x64
		Release|x86 = Release|x86
	EndGlobalSection
	GlobalSection(ProjectConfigurationPlatforms) = postSolution
		{71457398-5C86-4EF0-A944-FB9B23A3A626}.Ad-Hoc|Any CPU.ActiveCfg = Release|Any CPU
		{71457398-5C86-4EF0-A944-FB9B23A3A626}.Ad-Hoc|Any CPU.Build.0 = Release|Any CPU
		{71457398-5C86-4EF0-A944-FB9B23A3A626}.Ad-Hoc|ARM.ActiveCfg = Release|Any CPU
		{71457398-5C86-4EF0-A944-FB9B23A3A626}.Ad-Hoc|ARM.Build.0 = Release|Any CPU
		{71457398-5C86-4EF0-A944-FB9B23A3A626}.Ad-Hoc|iPhone.ActiveCfg = Release|Any CPU
		{71457398-5C86-4EF0-A944-FB9B23A3A626}.Ad-Hoc|iPhone.Build.0 = Release|Any CPU
		{71457398-5C86-4EF0-A944-FB9B23A3A626}.Ad-Hoc|iPhoneSimulator.ActiveCfg = Release|Any CPU
		{71457398-5C86-4EF0-A944-FB9B23A3A626}.Ad-Hoc|iPhoneSimulator.Build.0 = Release|Any CPU
		{71457398-5C86-4EF0-A944-FB9B23A3A626}.Ad-Hoc|x64.ActiveCfg = Release|Any CPU
		{71457398-5C86-4EF0-A944-FB9B23A3A626}.Ad-Hoc|x64.Build.0 = Release|Any CPU
		{71457398-5C86-4EF0-A944-FB9B23A3A626}.Ad-Hoc|x86.ActiveCfg = Release|Any CPU
		{71457398-5C86-4EF0-A944-FB9B23A3A626}.Ad-Hoc|x86.Build.0 = Release|Any CPU
		{71457398-5C86-4EF0-A944-FB9B23A3A626}.AppStore|Any CPU.ActiveCfg = Release|Any CPU
		{71457398-5C86-4EF0-A944-FB9B23A3A626}.AppStore|Any CPU.Build.0 = Release|Any CPU
		{71457398-5C86-4EF0-A944-FB9B23A3A626}.AppStore|ARM.ActiveCfg = Release|Any CPU
		{71457398-5C86-4EF0-A944-FB9B23A3A626}.AppStore|ARM.Build.0 = Release|Any CPU
		{71457398-5C86-4EF0-A944-FB9B23A3A626}.AppStore|iPhone.ActiveCfg = Release|Any CPU
		{71457398-5C86-4EF0-A944-FB9B23A3A626}.AppStore|iPhone.Build.0 = Release|Any CPU
		{71457398-5C86-4EF0-A944-FB9B23A3A626}.AppStore|iPhoneSimulator.ActiveCfg = Release|Any CPU
		{71457398-5C86-4EF0-A944-FB9B23A3A626}.AppStore|iPhoneSimulator.Build.0 = Release|Any CPU
		{71457398-5C86-4EF0-A944-FB9B23A3A626}.AppStore|x64.ActiveCfg = Release|Any CPU
		{71457398-5C86-4EF0-A944-FB9B23A3A626}.AppStore|x64.Build.0 = Release|Any CPU
		{71457398-5C86-4EF0-A944-FB9B23A3A626}.AppStore|x86.ActiveCfg = Release|Any CPU
		{71457398-5C86-4EF0-A944-FB9B23A3A626}.AppStore|x86.Build.0 = Release|Any CPU
		{71457398-5C86-4EF0-A944-FB9B23A3A626}.Debug|Any CPU.ActiveCfg = Debug|Any CPU
		{71457398-5C86-4EF0-A944-FB9B23A3A626}.Debug|Any CPU.Build.0 = Debug|Any CPU
		{71457398-5C86-4EF0-A944-FB9B23A3A626}.Debug|ARM.ActiveCfg = Debug|Any CPU
		{71457398-5C86-4EF0-A944-FB9B23A3A626}.Debug|ARM.Build.0 = Debug|Any CPU
		{71457398-5C86-4EF0-A944-FB9B23A3A626}.Debug|iPhone.ActiveCfg = Debug|Any CPU
		{71457398-5C86-4EF0-A944-FB9B23A3A626}.Debug|iPhone.Build.0 = Debug|Any CPU
		{71457398-5C86-4EF0-A944-FB9B23A3A626}.Debug|iPhoneSimulator.ActiveCfg = Debug|Any CPU
		{71457398-5C86-4EF0-A944-FB9B23A3A626}.Debug|iPhoneSimulator.Build.0 = Debug|Any CPU
		{71457398-5C86-4EF0-A944-FB9B23A3A626}.Debug|x64.ActiveCfg = Debug|Any CPU
		{71457398-5C86-4EF0-A944-FB9B23A3A626}.Debug|x64.Build.0 = Debug|Any CPU
		{71457398-5C86-4EF0-A944-FB9B23A3A626}.Debug|x86.ActiveCfg = Debug|Any CPU
		{71457398-5C86-4EF0-A944-FB9B23A3A626}.Debug|x86.Build.0 = Debug|Any CPU
		{71457398-5C86-4EF0-A944-FB9B23A3A626}.Release|Any CPU.ActiveCfg = Release|Any CPU
		{71457398-5C86-4EF0-A944-FB9B23A3A626}.Release|Any CPU.Build.0 = Release|Any CPU
		{71457398-5C86-4EF0-A944-FB9B23A3A626}.Release|ARM.ActiveCfg = Release|Any CPU
		{71457398-5C86-4EF0-A944-FB9B23A3A626}.Release|ARM.Build.0 = Release|Any CPU
		{71457398-5C86-4EF0-A944-FB9B23A3A626}.Release|iPhone.ActiveCfg = Release|Any CPU
		{71457398-5C86-4EF0-A944-FB9B23A3A626}.Release|iPhone.Build.0 = Release|Any CPU
		{71457398-5C86-4EF0-A944-FB9B23A3A626}.Release|iPhoneSimulator.ActiveCfg = Release|Any CPU
		{71457398-5C86-4EF0-A944-FB9B23A3A626}.Release|iPhoneSimulator.Build.0 = Release|Any CPU
		{71457398-5C86-4EF0-A944-FB9B23A3A626}.Release|x64.ActiveCfg = Release|Any CPU
		{71457398-5C86-4EF0-A944-FB9B23A3A626}.Release|x64.Build.0 = Release|Any CPU
		{71457398-5C86-4EF0-A944-FB9B23A3A626}.Release|x86.ActiveCfg = Release|Any CPU
		{71457398-5C86-4EF0-A944-FB9B23A3A626}.Release|x86.Build.0 = Release|Any CPU
		{18307A33-6C50-4D10-A286-CB76162D789A}.Ad-Hoc|Any CPU.ActiveCfg = Release|Any CPU
		{18307A33-6C50-4D10-A286-CB76162D789A}.Ad-Hoc|Any CPU.Build.0 = Release|Any CPU
		{18307A33-6C50-4D10-A286-CB76162D789A}.Ad-Hoc|Any CPU.Deploy.0 = Release|Any CPU
		{18307A33-6C50-4D10-A286-CB76162D789A}.Ad-Hoc|ARM.ActiveCfg = Release|Any CPU
		{18307A33-6C50-4D10-A286-CB76162D789A}.Ad-Hoc|ARM.Build.0 = Release|Any CPU
		{18307A33-6C50-4D10-A286-CB76162D789A}.Ad-Hoc|ARM.Deploy.0 = Release|Any CPU
		{18307A33-6C50-4D10-A286-CB76162D789A}.Ad-Hoc|iPhone.ActiveCfg = Release|Any CPU
		{18307A33-6C50-4D10-A286-CB76162D789A}.Ad-Hoc|iPhone.Build.0 = Release|Any CPU
		{18307A33-6C50-4D10-A286-CB76162D789A}.Ad-Hoc|iPhone.Deploy.0 = Release|Any CPU
		{18307A33-6C50-4D10-A286-CB76162D789A}.Ad-Hoc|iPhoneSimulator.ActiveCfg = Release|Any CPU
		{18307A33-6C50-4D10-A286-CB76162D789A}.Ad-Hoc|iPhoneSimulator.Build.0 = Release|Any CPU
		{18307A33-6C50-4D10-A286-CB76162D789A}.Ad-Hoc|iPhoneSimulator.Deploy.0 = Release|Any CPU
		{18307A33-6C50-4D10-A286-CB76162D789A}.Ad-Hoc|x64.ActiveCfg = Release|Any CPU
		{18307A33-6C50-4D10-A286-CB76162D789A}.Ad-Hoc|x64.Build.0 = Release|Any CPU
		{18307A33-6C50-4D10-A286-CB76162D789A}.Ad-Hoc|x64.Deploy.0 = Release|Any CPU
		{18307A33-6C50-4D10-A286-CB76162D789A}.Ad-Hoc|x86.ActiveCfg = Release|Any CPU
		{18307A33-6C50-4D10-A286-CB76162D789A}.Ad-Hoc|x86.Build.0 = Release|Any CPU
		{18307A33-6C50-4D10-A286-CB76162D789A}.Ad-Hoc|x86.Deploy.0 = Release|Any CPU
		{18307A33-6C50-4D10-A286-CB76162D789A}.AppStore|Any CPU.ActiveCfg = Release|Any CPU
		{18307A33-6C50-4D10-A286-CB76162D789A}.AppStore|Any CPU.Build.0 = Release|Any CPU
		{18307A33-6C50-4D10-A286-CB76162D789A}.AppStore|Any CPU.Deploy.0 = Release|Any CPU
		{18307A33-6C50-4D10-A286-CB76162D789A}.AppStore|ARM.ActiveCfg = Release|Any CPU
		{18307A33-6C50-4D10-A286-CB76162D789A}.AppStore|ARM.Build.0 = Release|Any CPU
		{18307A33-6C50-4D10-A286-CB76162D789A}.AppStore|ARM.Deploy.0 = Release|Any CPU
		{18307A33-6C50-4D10-A286-CB76162D789A}.AppStore|iPhone.ActiveCfg = Release|Any CPU
		{18307A33-6C50-4D10-A286-CB76162D789A}.AppStore|iPhone.Build.0 = Release|Any CPU
		{18307A33-6C50-4D10-A286-CB76162D789A}.AppStore|iPhone.Deploy.0 = Release|Any CPU
		{18307A33-6C50-4D10-A286-CB76162D789A}.AppStore|iPhoneSimulator.ActiveCfg = Release|Any CPU
		{18307A33-6C50-4D10-A286-CB76162D789A}.AppStore|iPhoneSimulator.Build.0 = Release|Any CPU
		{18307A33-6C50-4D10-A286-CB76162D789A}.AppStore|iPhoneSimulator.Deploy.0 = Release|Any CPU
		{18307A33-6C50-4D10-A286-CB76162D789A}.AppStore|x64.ActiveCfg = Release|Any CPU
		{18307A33-6C50-4D10-A286-CB76162D789A}.AppStore|x64.Build.0 = Release|Any CPU
		{18307A33-6C50-4D10-A286-CB76162D789A}.AppStore|x64.Deploy.0 = Release|Any CPU
		{18307A33-6C50-4D10-A286-CB76162D789A}.AppStore|x86.ActiveCfg = Release|Any CPU
		{18307A33-6C50-4D10-A286-CB76162D789A}.AppStore|x86.Build.0 = Release|Any CPU
		{18307A33-6C50-4D10-A286-CB76162D789A}.AppStore|x86.Deploy.0 = Release|Any CPU
		{18307A33-6C50-4D10-A286-CB76162D789A}.Debug|Any CPU.ActiveCfg = Debug|Any CPU
		{18307A33-6C50-4D10-A286-CB76162D789A}.Debug|Any CPU.Build.0 = Debug|Any CPU
		{18307A33-6C50-4D10-A286-CB76162D789A}.Debug|Any CPU.Deploy.0 = Debug|Any CPU
		{18307A33-6C50-4D10-A286-CB76162D789A}.Debug|ARM.ActiveCfg = Debug|Any CPU
		{18307A33-6C50-4D10-A286-CB76162D789A}.Debug|ARM.Build.0 = Debug|Any CPU
		{18307A33-6C50-4D10-A286-CB76162D789A}.Debug|ARM.Deploy.0 = Debug|Any CPU
		{18307A33-6C50-4D10-A286-CB76162D789A}.Debug|iPhone.ActiveCfg = Debug|Any CPU
		{18307A33-6C50-4D10-A286-CB76162D789A}.Debug|iPhone.Build.0 = Debug|Any CPU
		{18307A33-6C50-4D10-A286-CB76162D789A}.Debug|iPhone.Deploy.0 = Debug|Any CPU
		{18307A33-6C50-4D10-A286-CB76162D789A}.Debug|iPhoneSimulator.ActiveCfg = Debug|Any CPU
		{18307A33-6C50-4D10-A286-CB76162D789A}.Debug|iPhoneSimulator.Build.0 = Debug|Any CPU
		{18307A33-6C50-4D10-A286-CB76162D789A}.Debug|iPhoneSimulator.Deploy.0 = Debug|Any CPU
		{18307A33-6C50-4D10-A286-CB76162D789A}.Debug|x64.ActiveCfg = Debug|Any CPU
		{18307A33-6C50-4D10-A286-CB76162D789A}.Debug|x64.Build.0 = Debug|Any CPU
		{18307A33-6C50-4D10-A286-CB76162D789A}.Debug|x64.Deploy.0 = Debug|Any CPU
		{18307A33-6C50-4D10-A286-CB76162D789A}.Debug|x86.ActiveCfg = Debug|Any CPU
		{18307A33-6C50-4D10-A286-CB76162D789A}.Debug|x86.Build.0 = Debug|Any CPU
		{18307A33-6C50-4D10-A286-CB76162D789A}.Debug|x86.Deploy.0 = Debug|Any CPU
		{18307A33-6C50-4D10-A286-CB76162D789A}.Release|Any CPU.ActiveCfg = Release|Any CPU
		{18307A33-6C50-4D10-A286-CB76162D789A}.Release|Any CPU.Build.0 = Release|Any CPU
		{18307A33-6C50-4D10-A286-CB76162D789A}.Release|Any CPU.Deploy.0 = Release|Any CPU
		{18307A33-6C50-4D10-A286-CB76162D789A}.Release|ARM.ActiveCfg = Release|Any CPU
		{18307A33-6C50-4D10-A286-CB76162D789A}.Release|ARM.Build.0 = Release|Any CPU
		{18307A33-6C50-4D10-A286-CB76162D789A}.Release|ARM.Deploy.0 = Release|Any CPU
		{18307A33-6C50-4D10-A286-CB76162D789A}.Release|iPhone.ActiveCfg = Release|Any CPU
		{18307A33-6C50-4D10-A286-CB76162D789A}.Release|iPhone.Build.0 = Release|Any CPU
		{18307A33-6C50-4D10-A286-CB76162D789A}.Release|iPhone.Deploy.0 = Release|Any CPU
		{18307A33-6C50-4D10-A286-CB76162D789A}.Release|iPhoneSimulator.ActiveCfg = Release|Any CPU
		{18307A33-6C50-4D10-A286-CB76162D789A}.Release|iPhoneSimulator.Build.0 = Release|Any CPU
		{18307A33-6C50-4D10-A286-CB76162D789A}.Release|iPhoneSimulator.Deploy.0 = Release|Any CPU
		{18307A33-6C50-4D10-A286-CB76162D789A}.Release|x64.ActiveCfg = Release|Any CPU
		{18307A33-6C50-4D10-A286-CB76162D789A}.Release|x64.Build.0 = Release|Any CPU
		{18307A33-6C50-4D10-A286-CB76162D789A}.Release|x64.Deploy.0 = Release|Any CPU
		{18307A33-6C50-4D10-A286-CB76162D789A}.Release|x86.ActiveCfg = Release|Any CPU
		{18307A33-6C50-4D10-A286-CB76162D789A}.Release|x86.Build.0 = Release|Any CPU
		{18307A33-6C50-4D10-A286-CB76162D789A}.Release|x86.Deploy.0 = Release|Any CPU
		{C71ECDBA-D91C-49C8-B2D6-A8332CB635D7}.Ad-Hoc|Any CPU.ActiveCfg = Ad-Hoc|iPhone
		{C71ECDBA-D91C-49C8-B2D6-A8332CB635D7}.Ad-Hoc|ARM.ActiveCfg = Ad-Hoc|iPhone
		{C71ECDBA-D91C-49C8-B2D6-A8332CB635D7}.Ad-Hoc|iPhone.ActiveCfg = Ad-Hoc|iPhone
		{C71ECDBA-D91C-49C8-B2D6-A8332CB635D7}.Ad-Hoc|iPhone.Build.0 = Ad-Hoc|iPhone
		{C71ECDBA-D91C-49C8-B2D6-A8332CB635D7}.Ad-Hoc|iPhoneSimulator.ActiveCfg = Ad-Hoc|iPhoneSimulator
		{C71ECDBA-D91C-49C8-B2D6-A8332CB635D7}.Ad-Hoc|iPhoneSimulator.Build.0 = Ad-Hoc|iPhoneSimulator
		{C71ECDBA-D91C-49C8-B2D6-A8332CB635D7}.Ad-Hoc|x64.ActiveCfg = Ad-Hoc|iPhone
		{C71ECDBA-D91C-49C8-B2D6-A8332CB635D7}.Ad-Hoc|x86.ActiveCfg = Ad-Hoc|iPhone
		{C71ECDBA-D91C-49C8-B2D6-A8332CB635D7}.AppStore|Any CPU.ActiveCfg = AppStore|iPhone
		{C71ECDBA-D91C-49C8-B2D6-A8332CB635D7}.AppStore|ARM.ActiveCfg = AppStore|iPhone
		{C71ECDBA-D91C-49C8-B2D6-A8332CB635D7}.AppStore|iPhone.ActiveCfg = AppStore|iPhone
		{C71ECDBA-D91C-49C8-B2D6-A8332CB635D7}.AppStore|iPhone.Build.0 = AppStore|iPhone
		{C71ECDBA-D91C-49C8-B2D6-A8332CB635D7}.AppStore|iPhoneSimulator.ActiveCfg = AppStore|iPhoneSimulator
		{C71ECDBA-D91C-49C8-B2D6-A8332CB635D7}.AppStore|iPhoneSimulator.Build.0 = AppStore|iPhoneSimulator
		{C71ECDBA-D91C-49C8-B2D6-A8332CB635D7}.AppStore|x64.ActiveCfg = AppStore|iPhone
		{C71ECDBA-D91C-49C8-B2D6-A8332CB635D7}.AppStore|x86.ActiveCfg = AppStore|iPhone
		{C71ECDBA-D91C-49C8-B2D6-A8332CB635D7}.Debug|Any CPU.ActiveCfg = Debug|iPhone
		{C71ECDBA-D91C-49C8-B2D6-A8332CB635D7}.Debug|ARM.ActiveCfg = Debug|iPhone
		{C71ECDBA-D91C-49C8-B2D6-A8332CB635D7}.Debug|iPhone.ActiveCfg = Debug|iPhone
		{C71ECDBA-D91C-49C8-B2D6-A8332CB635D7}.Debug|iPhone.Build.0 = Debug|iPhone
		{C71ECDBA-D91C-49C8-B2D6-A8332CB635D7}.Debug|iPhoneSimulator.ActiveCfg = Debug|iPhoneSimulator
		{C71ECDBA-D91C-49C8-B2D6-A8332CB635D7}.Debug|iPhoneSimulator.Build.0 = Debug|iPhoneSimulator
		{C71ECDBA-D91C-49C8-B2D6-A8332CB635D7}.Debug|x64.ActiveCfg = Debug|iPhone
		{C71ECDBA-D91C-49C8-B2D6-A8332CB635D7}.Debug|x86.ActiveCfg = Debug|iPhone
		{C71ECDBA-D91C-49C8-B2D6-A8332CB635D7}.Release|Any CPU.ActiveCfg = Release|iPhone
		{C71ECDBA-D91C-49C8-B2D6-A8332CB635D7}.Release|ARM.ActiveCfg = Release|iPhone
		{C71ECDBA-D91C-49C8-B2D6-A8332CB635D7}.Release|iPhone.ActiveCfg = Release|iPhone
		{C71ECDBA-D91C-49C8-B2D6-A8332CB635D7}.Release|iPhone.Build.0 = Release|iPhone
		{C71ECDBA-D91C-49C8-B2D6-A8332CB635D7}.Release|iPhoneSimulator.ActiveCfg = Release|iPhoneSimulator
		{C71ECDBA-D91C-49C8-B2D6-A8332CB635D7}.Release|iPhoneSimulator.Build.0 = Release|iPhoneSimulator
		{C71ECDBA-D91C-49C8-B2D6-A8332CB635D7}.Release|x64.ActiveCfg = Release|iPhone
		{C71ECDBA-D91C-49C8-B2D6-A8332CB635D7}.Release|x86.ActiveCfg = Release|iPhone
	EndGlobalSection
	GlobalSection(SolutionProperties) = preSolution
		HideSolutionNode = FALSE
	EndGlobalSection
EndGlobal
